
Microsoft Visual Studio Solution File, Format Version 12.00
# Visual Studio Version 17
VisualStudioVersion = 17.3.32929.385
MinimumVisualStudioVersion = 10.0.40219.1
Project("{FAE04EC0-301F-11D3-BF4B-00C04F79EFBC}") = "WeatherApp", "WeatherApp.csproj", "{E48A1BE0-A603-427A-8D3E-CEC17F727BD8}"
EndProject
Global
	GlobalSection(SolutionConfigurationPlatforms) = preSolution
		Debug|Any CPU = Debug|Any CPU
		Release|Any CPU = Release|Any CPU
	EndGlobalSection
	GlobalSection(ProjectConfigurationPlatforms) = postSolution
		{E48A1BE0-A603-427A-8D3E-CEC17F727BD8}.Debug|Any CPU.ActiveCfg = Debug|Any CPU
		{E48A1BE0-A603-427A-8D3E-CEC17F727BD8}.Debug|Any CPU.Build.0 = Debug|Any CPU
		{E48A1BE0-A603-427A-8D3E-CEC17F727BD8}.Release|Any CPU.ActiveCfg = Release|Any CPU
		{E48A1BE0-A603-427A-8D3E-CEC17F727BD8}.Release|Any CPU.Build.0 = Release|Any CPU
	EndGlobalSection
	GlobalSection(SolutionProperties) = preSolution
		HideSolutionNode = FALSE
	EndGlobalSection
	GlobalSection(ExtensibilityGlobals) = postSolution
		SolutionGuid = {C921BC47-F0DE-4BBD-8134-3E6A2FDF8C04}
	EndGlobalSection
EndGlobal
